
Microsoft Visual Studio Solution File, Format Version 12.00
# Visual Studio Version 17
VisualStudioVersion = 17.3.32804.467
MinimumVisualStudioVersion = 10.0.40219.1
Project("{9A19103F-16F7-4668-BE54-9A1E7A4F7556}") = "BuildSharper.Course103.App1", "BuildSharper.Course103.App1\BuildSharper.Course103.App1.csproj", "{7C52A604-2B68-40CA-A8AD-7FBC4706E603}"
EndProject
Project("{FAE04EC0-301F-11D3-BF4B-00C04F79EFBC}") = "BuildSharper.Course103.App2", "BuildSharper.Course103.App2\BuildSharper.Course103.App2.csproj", "{A4BBF948-4917-488B-B6BD-5D394F56B036}"
EndProject
Global
	GlobalSection(SolutionConfigurationPlatforms) = preSolution
		Debug|Any CPU = Debug|Any CPU
		Release|Any CPU = Release|Any CPU
	EndGlobalSection
	GlobalSection(ProjectConfigurationPlatforms) = postSolution
		{7C52A604-2B68-40CA-A8AD-7FBC4706E603}.Debug|Any CPU.ActiveCfg = Debug|Any CPU
		{7C52A604-2B68-40CA-A8AD-7FBC4706E603}.Debug|Any CPU.Build.0 = Debug|Any CPU
		{7C52A604-2B68-40CA-A8AD-7FBC4706E603}.Release|Any CPU.ActiveCfg = Release|Any CPU
		{7C52A604-2B68-40CA-A8AD-7FBC4706E603}.Release|Any CPU.Build.0 = Release|Any CPU
		{A4BBF948-4917-488B-B6BD-5D394F56B036}.Debug|Any CPU.ActiveCfg = Debug|Any CPU
		{A4BBF948-4917-488B-B6BD-5D394F56B036}.Debug|Any CPU.Build.0 = Debug|Any CPU
		{A4BBF948-4917-488B-B6BD-5D394F56B036}.Release|Any CPU.ActiveCfg = Release|Any CPU
		{A4BBF948-4917-488B-B6BD-5D394F56B036}.Release|Any CPU.Build.0 = Release|Any CPU
	EndGlobalSection
	GlobalSection(SolutionProperties) = preSolution
		HideSolutionNode = FALSE
	EndGlobalSection
	GlobalSection(ExtensibilityGlobals) = postSolution
		SolutionGuid = {4B359BDE-118E-4270-B186-9A00867DAE0C}
	EndGlobalSection
EndGlobal
